// !$*UTF8*$!
{
	archiveVersion = 1;
	classes = {
	};
	objectVersion = 46;
	objects = {

/* Begin PBXBuildFile section */
		3940FAD7182F396300C74389 /* TitleScene.m in Sources */ = {isa = PBXBuildFile; fileRef = 3940FAD6182F396300C74389 /* TitleScene.m */; };
		3940FAE2182F6CC000C74389 /* tower_one_0.gif in Resources */ = {isa = PBXBuildFile; fileRef = 3940FAE0182F6CC000C74389 /* tower_one_0.gif */; };
		3940FAE3182F6CC000C74389 /* tower_one_0@2x.gif in Resources */ = {isa = PBXBuildFile; fileRef = 3940FAE1182F6CC000C74389 /* tower_one_0@2x.gif */; };
		3940FAE6182FA8EC00C74389 /* MenuLayer.m in Sources */ = {isa = PBXBuildFile; fileRef = 3940FAE5182FA8EC00C74389 /* MenuLayer.m */; };
		7BA76D9C182F88A6008F18A9 /* World1.txt in Resources */ = {isa = PBXBuildFile; fileRef = 7BA76D9B182F88A6008F18A9 /* World1.txt */; };
		7BA76DA0182F9B4E008F18A9 /* Building.m in Sources */ = {isa = PBXBuildFile; fileRef = 7BA76D9F182F9B4E008F18A9 /* Building.m */; };
		7BA76DA3182FD097008F18A9 /* Player.m in Sources */ = {isa = PBXBuildFile; fileRef = 7BA76DA2182FD097008F18A9 /* Player.m */; };
		7BA76DA6182FD927008F18A9 /* BuildingManager.m in Sources */ = {isa = PBXBuildFile; fileRef = 7BA76DA5182FD927008F18A9 /* BuildingManager.m */; };
		7BA76DA9182FE039008F18A9 /* GenericAndUselessBuilding.m in Sources */ = {isa = PBXBuildFile; fileRef = 7BA76DA8182FE039008F18A9 /* GenericAndUselessBuilding.m */; };
		7BA76DAC182FF5D1008F18A9 /* DFTurret.m in Sources */ = {isa = PBXBuildFile; fileRef = 7BA76DAB182FF5D1008F18A9 /* DFTurret.m */; };
		7BA76DB01830187C008F18A9 /* GameoverScene.m in Sources */ = {isa = PBXBuildFile; fileRef = 7BA76DAF1830187C008F18A9 /* GameoverScene.m */; };
		7BE765FD182EFEEB00309681 /* Foundation.framework in Frameworks */ = {isa = PBXBuildFile; fileRef = 7BE765FC182EFEEB00309681 /* Foundation.framework */; };
		7BE765FF182EFEEB00309681 /* CoreGraphics.framework in Frameworks */ = {isa = PBXBuildFile; fileRef = 7BE765FE182EFEEB00309681 /* CoreGraphics.framework */; };
		7BE76601182EFEEB00309681 /* UIKit.framework in Frameworks */ = {isa = PBXBuildFile; fileRef = 7BE76600182EFEEB00309681 /* UIKit.framework */; };
		7BE76603182EFEEB00309681 /* SpriteKit.framework in Frameworks */ = {isa = PBXBuildFile; fileRef = 7BE76602182EFEEB00309681 /* SpriteKit.framework */; };
		7BE76609182EFEEB00309681 /* InfoPlist.strings in Resources */ = {isa = PBXBuildFile; fileRef = 7BE76607182EFEEB00309681 /* InfoPlist.strings */; };
		7BE7660B182EFEEB00309681 /* main.m in Sources */ = {isa = PBXBuildFile; fileRef = 7BE7660A182EFEEB00309681 /* main.m */; };
		7BE7660F182EFEEB00309681 /* SquirrelAppDelegate.m in Sources */ = {isa = PBXBuildFile; fileRef = 7BE7660E182EFEEB00309681 /* SquirrelAppDelegate.m */; };
		7BE76612182EFEEB00309681 /* Main.storyboard in Resources */ = {isa = PBXBuildFile; fileRef = 7BE76610182EFEEB00309681 /* Main.storyboard */; };
		7BE76615182EFEEB00309681 /* SquirrelViewController.m in Sources */ = {isa = PBXBuildFile; fileRef = 7BE76614182EFEEB00309681 /* SquirrelViewController.m */; };
		7BE76618182EFEEB00309681 /* MapScene.m in Sources */ = {isa = PBXBuildFile; fileRef = 7BE76617182EFEEB00309681 /* MapScene.m */; };
		7BE7661A182EFEEB00309681 /* Spaceship.png in Resources */ = {isa = PBXBuildFile; fileRef = 7BE76619182EFEEB00309681 /* Spaceship.png */; };
		7BE7661C182EFEEB00309681 /* Images.xcassets in Resources */ = {isa = PBXBuildFile; fileRef = 7BE7661B182EFEEB00309681 /* Images.xcassets */; };
		7BE76623182EFEEB00309681 /* XCTest.framework in Frameworks */ = {isa = PBXBuildFile; fileRef = 7BE76622182EFEEB00309681 /* XCTest.framework */; };
		7BE76624182EFEEB00309681 /* Foundation.framework in Frameworks */ = {isa = PBXBuildFile; fileRef = 7BE765FC182EFEEB00309681 /* Foundation.framework */; };
		7BE76625182EFEEB00309681 /* UIKit.framework in Frameworks */ = {isa = PBXBuildFile; fileRef = 7BE76600182EFEEB00309681 /* UIKit.framework */; };
		7BE7662D182EFEEB00309681 /* InfoPlist.strings in Resources */ = {isa = PBXBuildFile; fileRef = 7BE7662B182EFEEB00309681 /* InfoPlist.strings */; };
		7BE7662F182EFEEB00309681 /* SquirrelDefenceTests.m in Sources */ = {isa = PBXBuildFile; fileRef = 7BE7662E182EFEEB00309681 /* SquirrelDefenceTests.m */; };
		8A9DB2CF1830183B000BFE8C /* InfoLayer.m in Sources */ = {isa = PBXBuildFile; fileRef = 8A9DB2CE1830183B000BFE8C /* InfoLayer.m */; };
		8AD71CA0182F190D007CB572 /* MapLoc.m in Sources */ = {isa = PBXBuildFile; fileRef = 8AD71C9F182F190D007CB572 /* MapLoc.m */; };
		8AD71CCE182F3C7A007CB572 /* Enemy.m in Sources */ = {isa = PBXBuildFile; fileRef = 8AD71CCD182F3C7A007CB572 /* Enemy.m */; };
		8AD71CD1182F3DC9007CB572 /* EnemyManager.m in Sources */ = {isa = PBXBuildFile; fileRef = 8AD71CD0182F3DC9007CB572 /* EnemyManager.m */; };
		8AD71CD6182F48F6007CB572 /* Tile.m in Sources */ = {isa = PBXBuildFile; fileRef = 8AD71CD3182F48F6007CB572 /* Tile.m */; };
		8AD71CD7182F48F6007CB572 /* TileWorld.m in Sources */ = {isa = PBXBuildFile; fileRef = 8AD71CD5182F48F6007CB572 /* TileWorld.m */; };
		8AD71CD9182F4900007CB572 /* World1.atlas in Resources */ = {isa = PBXBuildFile; fileRef = 8AD71CD8182F4900007CB572 /* World1.atlas */; };
/* End PBXBuildFile section */

/* Begin PBXContainerItemProxy section */
		7BE76626182EFEEB00309681 /* PBXContainerItemProxy */ = {
			isa = PBXContainerItemProxy;
			containerPortal = 7BE765F1182EFEEB00309681 /* Project object */;
			proxyType = 1;
			remoteGlobalIDString = 7BE765F8182EFEEB00309681;
			remoteInfo = SquirrelDefence;
		};
/* End PBXContainerItemProxy section */

/* Begin PBXFileReference section */
		3940FAD5182F396300C74389 /* TitleScene.h */ = {isa = PBXFileReference; fileEncoding = 4; lastKnownFileType = sourcecode.c.h; path = TitleScene.h; sourceTree = "<group>"; };
		3940FAD6182F396300C74389 /* TitleScene.m */ = {isa = PBXFileReference; fileEncoding = 4; lastKnownFileType = sourcecode.c.objc; path = TitleScene.m; sourceTree = "<group>"; };
		3940FAE0182F6CC000C74389 /* tower_one_0.gif */ = {isa = PBXFileReference; lastKnownFileType = image.gif; path = tower_one_0.gif; sourceTree = "<group>"; };
		3940FAE1182F6CC000C74389 /* tower_one_0@2x.gif */ = {isa = PBXFileReference; lastKnownFileType = image.gif; path = "tower_one_0@2x.gif"; sourceTree = "<group>"; };
		3940FAE4182FA8EC00C74389 /* MenuLayer.h */ = {isa = PBXFileReference; fileEncoding = 4; lastKnownFileType = sourcecode.c.h; path = MenuLayer.h; sourceTree = "<group>"; };
		3940FAE5182FA8EC00C74389 /* MenuLayer.m */ = {isa = PBXFileReference; fileEncoding = 4; lastKnownFileType = sourcecode.c.objc; path = MenuLayer.m; sourceTree = "<group>"; };
		7BA76D9B182F88A6008F18A9 /* World1.txt */ = {isa = PBXFileReference; fileEncoding = 4; lastKnownFileType = text; path = World1.txt; sourceTree = "<group>"; };
		7BA76D9D182F9518008F18A9 /* damage.h */ = {isa = PBXFileReference; fileEncoding = 4; lastKnownFileType = sourcecode.c.h; path = damage.h; sourceTree = "<group>"; };
		7BA76D9E182F9B4E008F18A9 /* Building.h */ = {isa = PBXFileReference; fileEncoding = 4; lastKnownFileType = sourcecode.c.h; path = Building.h; sourceTree = "<group>"; };
		7BA76D9F182F9B4E008F18A9 /* Building.m */ = {isa = PBXFileReference; fileEncoding = 4; lastKnownFileType = sourcecode.c.objc; path = Building.m; sourceTree = "<group>"; };
		7BA76DA1182FD097008F18A9 /* Player.h */ = {isa = PBXFileReference; fileEncoding = 4; lastKnownFileType = sourcecode.c.h; path = Player.h; sourceTree = "<group>"; };
		7BA76DA2182FD097008F18A9 /* Player.m */ = {isa = PBXFileReference; fileEncoding = 4; lastKnownFileType = sourcecode.c.objc; path = Player.m; sourceTree = "<group>"; };
		7BA76DA4182FD927008F18A9 /* BuildingManager.h */ = {isa = PBXFileReference; fileEncoding = 4; lastKnownFileType = sourcecode.c.h; path = BuildingManager.h; sourceTree = "<group>"; };
		7BA76DA5182FD927008F18A9 /* BuildingManager.m */ = {isa = PBXFileReference; fileEncoding = 4; lastKnownFileType = sourcecode.c.objc; path = BuildingManager.m; sourceTree = "<group>"; };
		7BA76DA7182FE039008F18A9 /* GenericAndUselessBuilding.h */ = {isa = PBXFileReference; fileEncoding = 4; lastKnownFileType = sourcecode.c.h; path = GenericAndUselessBuilding.h; sourceTree = "<group>"; };
		7BA76DA8182FE039008F18A9 /* GenericAndUselessBuilding.m */ = {isa = PBXFileReference; fileEncoding = 4; lastKnownFileType = sourcecode.c.objc; path = GenericAndUselessBuilding.m; sourceTree = "<group>"; };
		7BA76DAA182FF5D1008F18A9 /* DFTurret.h */ = {isa = PBXFileReference; fileEncoding = 4; lastKnownFileType = sourcecode.c.h; path = DFTurret.h; sourceTree = "<group>"; };
		7BA76DAB182FF5D1008F18A9 /* DFTurret.m */ = {isa = PBXFileReference; fileEncoding = 4; lastKnownFileType = sourcecode.c.objc; path = DFTurret.m; sourceTree = "<group>"; };
		7BA76DAE1830187C008F18A9 /* GameoverScene.h */ = {isa = PBXFileReference; fileEncoding = 4; lastKnownFileType = sourcecode.c.h; path = GameoverScene.h; sourceTree = "<group>"; };
		7BA76DAF1830187C008F18A9 /* GameoverScene.m */ = {isa = PBXFileReference; fileEncoding = 4; lastKnownFileType = sourcecode.c.objc; path = GameoverScene.m; sourceTree = "<group>"; };
		7BE765F9182EFEEB00309681 /* SquirrelDefence.app */ = {isa = PBXFileReference; explicitFileType = wrapper.application; includeInIndex = 0; path = SquirrelDefence.app; sourceTree = BUILT_PRODUCTS_DIR; };
		7BE765FC182EFEEB00309681 /* Foundation.framework */ = {isa = PBXFileReference; lastKnownFileType = wrapper.framework; name = Foundation.framework; path = System/Library/Frameworks/Foundation.framework; sourceTree = SDKROOT; };
		7BE765FE182EFEEB00309681 /* CoreGraphics.framework */ = {isa = PBXFileReference; lastKnownFileType = wrapper.framework; name = CoreGraphics.framework; path = System/Library/Frameworks/CoreGraphics.framework; sourceTree = SDKROOT; };
		7BE76600182EFEEB00309681 /* UIKit.framework */ = {isa = PBXFileReference; lastKnownFileType = wrapper.framework; name = UIKit.framework; path = System/Library/Frameworks/UIKit.framework; sourceTree = SDKROOT; };
		7BE76602182EFEEB00309681 /* SpriteKit.framework */ = {isa = PBXFileReference; lastKnownFileType = wrapper.framework; name = SpriteKit.framework; path = System/Library/Frameworks/SpriteKit.framework; sourceTree = SDKROOT; };
		7BE76606182EFEEB00309681 /* SquirrelDefence-Info.plist */ = {isa = PBXFileReference; lastKnownFileType = text.plist.xml; path = "SquirrelDefence-Info.plist"; sourceTree = "<group>"; };
		7BE76608182EFEEB00309681 /* en */ = {isa = PBXFileReference; lastKnownFileType = text.plist.strings; name = en; path = en.lproj/InfoPlist.strings; sourceTree = "<group>"; };
		7BE7660A182EFEEB00309681 /* main.m */ = {isa = PBXFileReference; lastKnownFileType = sourcecode.c.objc; path = main.m; sourceTree = "<group>"; };
		7BE7660C182EFEEB00309681 /* SquirrelDefence-Prefix.pch */ = {isa = PBXFileReference; lastKnownFileType = sourcecode.c.h; path = "SquirrelDefence-Prefix.pch"; sourceTree = "<group>"; };
		7BE7660D182EFEEB00309681 /* SquirrelAppDelegate.h */ = {isa = PBXFileReference; lastKnownFileType = sourcecode.c.h; path = SquirrelAppDelegate.h; sourceTree = "<group>"; };
		7BE7660E182EFEEB00309681 /* SquirrelAppDelegate.m */ = {isa = PBXFileReference; lastKnownFileType = sourcecode.c.objc; path = SquirrelAppDelegate.m; sourceTree = "<group>"; };
		7BE76611182EFEEB00309681 /* Base */ = {isa = PBXFileReference; lastKnownFileType = file.storyboard; name = Base; path = Base.lproj/Main.storyboard; sourceTree = "<group>"; };
		7BE76613182EFEEB00309681 /* SquirrelViewController.h */ = {isa = PBXFileReference; lastKnownFileType = sourcecode.c.h; path = SquirrelViewController.h; sourceTree = "<group>"; };
		7BE76614182EFEEB00309681 /* SquirrelViewController.m */ = {isa = PBXFileReference; lastKnownFileType = sourcecode.c.objc; path = SquirrelViewController.m; sourceTree = "<group>"; };
		7BE76616182EFEEB00309681 /* MapScene.h */ = {isa = PBXFileReference; lastKnownFileType = sourcecode.c.h; path = MapScene.h; sourceTree = "<group>"; };
		7BE76617182EFEEB00309681 /* MapScene.m */ = {isa = PBXFileReference; lastKnownFileType = sourcecode.c.objc; path = MapScene.m; sourceTree = "<group>"; };
		7BE76619182EFEEB00309681 /* Spaceship.png */ = {isa = PBXFileReference; lastKnownFileType = image.png; path = Spaceship.png; sourceTree = "<group>"; };
		7BE7661B182EFEEB00309681 /* Images.xcassets */ = {isa = PBXFileReference; lastKnownFileType = folder.assetcatalog; path = Images.xcassets; sourceTree = "<group>"; };
		7BE76621182EFEEB00309681 /* SquirrelDefenceTests.xctest */ = {isa = PBXFileReference; explicitFileType = wrapper.cfbundle; includeInIndex = 0; path = SquirrelDefenceTests.xctest; sourceTree = BUILT_PRODUCTS_DIR; };
		7BE76622182EFEEB00309681 /* XCTest.framework */ = {isa = PBXFileReference; lastKnownFileType = wrapper.framework; name = XCTest.framework; path = Library/Frameworks/XCTest.framework; sourceTree = DEVELOPER_DIR; };
		7BE7662A182EFEEB00309681 /* SquirrelDefenceTests-Info.plist */ = {isa = PBXFileReference; lastKnownFileType = text.plist.xml; path = "SquirrelDefenceTests-Info.plist"; sourceTree = "<group>"; };
		7BE7662C182EFEEB00309681 /* en */ = {isa = PBXFileReference; lastKnownFileType = text.plist.strings; name = en; path = en.lproj/InfoPlist.strings; sourceTree = "<group>"; };
		7BE7662E182EFEEB00309681 /* SquirrelDefenceTests.m */ = {isa = PBXFileReference; lastKnownFileType = sourcecode.c.objc; path = SquirrelDefenceTests.m; sourceTree = "<group>"; };
		8A9DB2CD1830183B000BFE8C /* InfoLayer.h */ = {isa = PBXFileReference; fileEncoding = 4; lastKnownFileType = sourcecode.c.h; path = InfoLayer.h; sourceTree = "<group>"; };
		8A9DB2CE1830183B000BFE8C /* InfoLayer.m */ = {isa = PBXFileReference; fileEncoding = 4; lastKnownFileType = sourcecode.c.objc; path = InfoLayer.m; sourceTree = "<group>"; };
		8AD71C9E182F190D007CB572 /* MapLoc.h */ = {isa = PBXFileReference; fileEncoding = 4; lastKnownFileType = sourcecode.c.h; path = MapLoc.h; sourceTree = "<group>"; };
		8AD71C9F182F190D007CB572 /* MapLoc.m */ = {isa = PBXFileReference; fileEncoding = 4; lastKnownFileType = sourcecode.c.objc; path = MapLoc.m; sourceTree = "<group>"; };
		8AD71CCC182F3C7A007CB572 /* Enemy.h */ = {isa = PBXFileReference; fileEncoding = 4; lastKnownFileType = sourcecode.c.h; path = Enemy.h; sourceTree = "<group>"; };
		8AD71CCD182F3C7A007CB572 /* Enemy.m */ = {isa = PBXFileReference; fileEncoding = 4; lastKnownFileType = sourcecode.c.objc; path = Enemy.m; sourceTree = "<group>"; };
		8AD71CCF182F3DC9007CB572 /* EnemyManager.h */ = {isa = PBXFileReference; fileEncoding = 4; lastKnownFileType = sourcecode.c.h; path = EnemyManager.h; sourceTree = "<group>"; };
		8AD71CD0182F3DC9007CB572 /* EnemyManager.m */ = {isa = PBXFileReference; fileEncoding = 4; lastKnownFileType = sourcecode.c.objc; path = EnemyManager.m; sourceTree = "<group>"; };
		8AD71CD2182F48F6007CB572 /* Tile.h */ = {isa = PBXFileReference; fileEncoding = 4; lastKnownFileType = sourcecode.c.h; path = Tile.h; sourceTree = "<group>"; };
		8AD71CD3182F48F6007CB572 /* Tile.m */ = {isa = PBXFileReference; fileEncoding = 4; lastKnownFileType = sourcecode.c.objc; path = Tile.m; sourceTree = "<group>"; };
		8AD71CD4182F48F6007CB572 /* TileWorld.h */ = {isa = PBXFileReference; fileEncoding = 4; lastKnownFileType = sourcecode.c.h; path = TileWorld.h; sourceTree = "<group>"; };
		8AD71CD5182F48F6007CB572 /* TileWorld.m */ = {isa = PBXFileReference; fileEncoding = 4; lastKnownFileType = sourcecode.c.objc; path = TileWorld.m; sourceTree = "<group>"; };
		8AD71CD8182F4900007CB572 /* World1.atlas */ = {isa = PBXFileReference; lastKnownFileType = folder.skatlas; path = World1.atlas; sourceTree = "<group>"; };
/* End PBXFileReference section */

/* Begin PBXFrameworksBuildPhase section */
		7BE765F6182EFEEB00309681 /* Frameworks */ = {
			isa = PBXFrameworksBuildPhase;
			buildActionMask = 2147483647;
			files = (
				7BE765FF182EFEEB00309681 /* CoreGraphics.framework in Frameworks */,
				7BE76601182EFEEB00309681 /* UIKit.framework in Frameworks */,
				7BE76603182EFEEB00309681 /* SpriteKit.framework in Frameworks */,
				7BE765FD182EFEEB00309681 /* Foundation.framework in Frameworks */,
			);
			runOnlyForDeploymentPostprocessing = 0;
		};
		7BE7661E182EFEEB00309681 /* Frameworks */ = {
			isa = PBXFrameworksBuildPhase;
			buildActionMask = 2147483647;
			files = (
				7BE76623182EFEEB00309681 /* XCTest.framework in Frameworks */,
				7BE76625182EFEEB00309681 /* UIKit.framework in Frameworks */,
				7BE76624182EFEEB00309681 /* Foundation.framework in Frameworks */,
			);
			runOnlyForDeploymentPostprocessing = 0;
		};
/* End PBXFrameworksBuildPhase section */

/* Begin PBXGroup section */
		7BA76DAD182FF5EC008F18A9 /* Buildings */ = {
			isa = PBXGroup;
			children = (
				7BA76D9E182F9B4E008F18A9 /* Building.h */,
				7BA76D9F182F9B4E008F18A9 /* Building.m */,
				7BA76DA7182FE039008F18A9 /* GenericAndUselessBuilding.h */,
				7BA76DA8182FE039008F18A9 /* GenericAndUselessBuilding.m */,
				7BA76DAA182FF5D1008F18A9 /* DFTurret.h */,
				7BA76DAB182FF5D1008F18A9 /* DFTurret.m */,
			);
			name = Buildings;
			sourceTree = "<group>";
		};
		7BE765F0182EFEEB00309681 = {
			isa = PBXGroup;
			children = (
				7BE76604182EFEEB00309681 /* SquirrelDefence */,
				7BE76628182EFEEB00309681 /* SquirrelDefenceTests */,
				7BE765FB182EFEEB00309681 /* Frameworks */,
				7BE765FA182EFEEB00309681 /* Products */,
			);
			sourceTree = "<group>";
		};
		7BE765FA182EFEEB00309681 /* Products */ = {
			isa = PBXGroup;
			children = (
				7BE765F9182EFEEB00309681 /* SquirrelDefence.app */,
				7BE76621182EFEEB00309681 /* SquirrelDefenceTests.xctest */,
			);
			name = Products;
			sourceTree = "<group>";
		};
		7BE765FB182EFEEB00309681 /* Frameworks */ = {
			isa = PBXGroup;
			children = (
				7BE765FC182EFEEB00309681 /* Foundation.framework */,
				7BE765FE182EFEEB00309681 /* CoreGraphics.framework */,
				7BE76600182EFEEB00309681 /* UIKit.framework */,
				7BE76602182EFEEB00309681 /* SpriteKit.framework */,
				7BE76622182EFEEB00309681 /* XCTest.framework */,
			);
			name = Frameworks;
			sourceTree = "<group>";
		};
		7BE76604182EFEEB00309681 /* SquirrelDefence */ = {
			isa = PBXGroup;
			children = (
				7BA76DAD182FF5EC008F18A9 /* Buildings */,
				7BA76D9B182F88A6008F18A9 /* World1.txt */,
				3940FAE0182F6CC000C74389 /* tower_one_0.gif */,
				3940FAE1182F6CC000C74389 /* tower_one_0@2x.gif */,
				8AD71CD8182F4900007CB572 /* World1.atlas */,
				8AD71CD2182F48F6007CB572 /* Tile.h */,
				8AD71CD3182F48F6007CB572 /* Tile.m */,
				8AD71CD4182F48F6007CB572 /* TileWorld.h */,
				8AD71CD5182F48F6007CB572 /* TileWorld.m */,
				7BE7660D182EFEEB00309681 /* SquirrelAppDelegate.h */,
				7BE7660E182EFEEB00309681 /* SquirrelAppDelegate.m */,
				7BE76610182EFEEB00309681 /* Main.storyboard */,
				7BE76613182EFEEB00309681 /* SquirrelViewController.h */,
				7BE76614182EFEEB00309681 /* SquirrelViewController.m */,
				7BE76616182EFEEB00309681 /* MapScene.h */,
				7BE76617182EFEEB00309681 /* MapScene.m */,
				3940FAE4182FA8EC00C74389 /* MenuLayer.h */,
				3940FAE5182FA8EC00C74389 /* MenuLayer.m */,
				3940FAD5182F396300C74389 /* TitleScene.h */,
				3940FAD6182F396300C74389 /* TitleScene.m */,
				7BA76DAE1830187C008F18A9 /* GameoverScene.h */,
				7BA76DAF1830187C008F18A9 /* GameoverScene.m */,
				7BE76619182EFEEB00309681 /* Spaceship.png */,
				7BE7661B182EFEEB00309681 /* Images.xcassets */,
				7BE76605182EFEEB00309681 /* Supporting Files */,
				8AD71C9E182F190D007CB572 /* MapLoc.h */,
				8AD71C9F182F190D007CB572 /* MapLoc.m */,
				8AD71CCC182F3C7A007CB572 /* Enemy.h */,
				8AD71CCD182F3C7A007CB572 /* Enemy.m */,
				8AD71CCF182F3DC9007CB572 /* EnemyManager.h */,
				8AD71CD0182F3DC9007CB572 /* EnemyManager.m */,
				7BA76D9D182F9518008F18A9 /* damage.h */,
				7BA76DA1182FD097008F18A9 /* Player.h */,
				7BA76DA2182FD097008F18A9 /* Player.m */,
				7BA76DA4182FD927008F18A9 /* BuildingManager.h */,
				7BA76DA5182FD927008F18A9 /* BuildingManager.m */,
				8A9DB2CD1830183B000BFE8C /* InfoLayer.h */,
				8A9DB2CE1830183B000BFE8C /* InfoLayer.m */,
			);
			path = SquirrelDefence;
			sourceTree = "<group>";
		};
		7BE76605182EFEEB00309681 /* Supporting Files */ = {
			isa = PBXGroup;
			children = (
				7BE76606182EFEEB00309681 /* SquirrelDefence-Info.plist */,
				7BE76607182EFEEB00309681 /* InfoPlist.strings */,
				7BE7660A182EFEEB00309681 /* main.m */,
				7BE7660C182EFEEB00309681 /* SquirrelDefence-Prefix.pch */,
			);
			name = "Supporting Files";
			sourceTree = "<group>";
		};
		7BE76628182EFEEB00309681 /* SquirrelDefenceTests */ = {
			isa = PBXGroup;
			children = (
				7BE7662E182EFEEB00309681 /* SquirrelDefenceTests.m */,
				7BE76629182EFEEB00309681 /* Supporting Files */,
			);
			path = SquirrelDefenceTests;
			sourceTree = "<group>";
		};
		7BE76629182EFEEB00309681 /* Supporting Files */ = {
			isa = PBXGroup;
			children = (
				7BE7662A182EFEEB00309681 /* SquirrelDefenceTests-Info.plist */,
				7BE7662B182EFEEB00309681 /* InfoPlist.strings */,
			);
			name = "Supporting Files";
			sourceTree = "<group>";
		};
/* End PBXGroup section */

/* Begin PBXNativeTarget section */
		7BE765F8182EFEEB00309681 /* SquirrelDefence */ = {
			isa = PBXNativeTarget;
			buildConfigurationList = 7BE76632182EFEEB00309681 /* Build configuration list for PBXNativeTarget "SquirrelDefence" */;
			buildPhases = (
				7BE765F5182EFEEB00309681 /* Sources */,
				7BE765F6182EFEEB00309681 /* Frameworks */,
				7BE765F7182EFEEB00309681 /* Resources */,
			);
			buildRules = (
			);
			dependencies = (
			);
			name = SquirrelDefence;
			productName = SquirrelDefence;
			productReference = 7BE765F9182EFEEB00309681 /* SquirrelDefence.app */;
			productType = "com.apple.product-type.application";
		};
		7BE76620182EFEEB00309681 /* SquirrelDefenceTests */ = {
			isa = PBXNativeTarget;
			buildConfigurationList = 7BE76635182EFEEB00309681 /* Build configuration list for PBXNativeTarget "SquirrelDefenceTests" */;
			buildPhases = (
				7BE7661D182EFEEB00309681 /* Sources */,
				7BE7661E182EFEEB00309681 /* Frameworks */,
				7BE7661F182EFEEB00309681 /* Resources */,
			);
			buildRules = (
			);
			dependencies = (
				7BE76627182EFEEB00309681 /* PBXTargetDependency */,
			);
			name = SquirrelDefenceTests;
			productName = SquirrelDefenceTests;
			productReference = 7BE76621182EFEEB00309681 /* SquirrelDefenceTests.xctest */;
			productType = "com.apple.product-type.bundle.unit-test";
		};
/* End PBXNativeTarget section */

/* Begin PBXProject section */
		7BE765F1182EFEEB00309681 /* Project object */ = {
			isa = PBXProject;
			attributes = {
				CLASSPREFIX = Squirrel;
				LastUpgradeCheck = 0500;
				ORGANIZATIONNAME = "Sinusoidal Squirrels";
				TargetAttributes = {
					7BE76620182EFEEB00309681 = {
						TestTargetID = 7BE765F8182EFEEB00309681;
					};
				};
			};
			buildConfigurationList = 7BE765F4182EFEEB00309681 /* Build configuration list for PBXProject "SquirrelDefence" */;
			compatibilityVersion = "Xcode 3.2";
			developmentRegion = English;
			hasScannedForEncodings = 0;
			knownRegions = (
				en,
				Base,
			);
			mainGroup = 7BE765F0182EFEEB00309681;
			productRefGroup = 7BE765FA182EFEEB00309681 /* Products */;
			projectDirPath = "";
			projectRoot = "";
			targets = (
				7BE765F8182EFEEB00309681 /* SquirrelDefence */,
				7BE76620182EFEEB00309681 /* SquirrelDefenceTests */,
			);
		};
/* End PBXProject section */

/* Begin PBXResourcesBuildPhase section */
		7BE765F7182EFEEB00309681 /* Resources */ = {
			isa = PBXResourcesBuildPhase;
			buildActionMask = 2147483647;
			files = (
				3940FAE2182F6CC000C74389 /* tower_one_0.gif in Resources */,
				7BA76D9C182F88A6008F18A9 /* World1.txt in Resources */,
				7BE76609182EFEEB00309681 /* InfoPlist.strings in Resources */,
				7BE7661C182EFEEB00309681 /* Images.xcassets in Resources */,
				7BE7661A182EFEEB00309681 /* Spaceship.png in Resources */,
				3940FAE3182F6CC000C74389 /* tower_one_0@2x.gif in Resources */,
				8AD71CD9182F4900007CB572 /* World1.atlas in Resources */,
				7BE76612182EFEEB00309681 /* Main.storyboard in Resources */,
			);
			runOnlyForDeploymentPostprocessing = 0;
		};
		7BE7661F182EFEEB00309681 /* Resources */ = {
			isa = PBXResourcesBuildPhase;
			buildActionMask = 2147483647;
			files = (
				7BE7662D182EFEEB00309681 /* InfoPlist.strings in Resources */,
			);
			runOnlyForDeploymentPostprocessing = 0;
		};
/* End PBXResourcesBuildPhase section */

/* Begin PBXSourcesBuildPhase section */
		7BE765F5182EFEEB00309681 /* Sources */ = {
			isa = PBXSourcesBuildPhase;
			buildActionMask = 2147483647;
			files = (
				8AD71CCE182F3C7A007CB572 /* Enemy.m in Sources */,
				7BA76DA6182FD927008F18A9 /* BuildingManager.m in Sources */,
				8AD71CD6182F48F6007CB572 /* Tile.m in Sources */,
				7BA76DA0182F9B4E008F18A9 /* Building.m in Sources */,
				7BA76DA3182FD097008F18A9 /* Player.m in Sources */,
				7BA76DAC182FF5D1008F18A9 /* DFTurret.m in Sources */,
				8AD71CD7182F48F6007CB572 /* TileWorld.m in Sources */,
				3940FAE6182FA8EC00C74389 /* MenuLayer.m in Sources */,
				7BE7660B182EFEEB00309681 /* main.m in Sources */,
				7BE7660F182EFEEB00309681 /* SquirrelAppDelegate.m in Sources */,
				7BE76615182EFEEB00309681 /* SquirrelViewController.m in Sources */,
				7BA76DB01830187C008F18A9 /* GameoverScene.m in Sources */,
				3940FAD7182F396300C74389 /* TitleScene.m in Sources */,
				7BE76618182EFEEB00309681 /* MapScene.m in Sources */,
				8A9DB2CF1830183B000BFE8C /* InfoLayer.m in Sources */,
				8AD71CD1182F3DC9007CB572 /* EnemyManager.m in Sources */,
				8AD71CA0182F190D007CB572 /* MapLoc.m in Sources */,
				7BA76DA9182FE039008F18A9 /* GenericAndUselessBuilding.m in Sources */,
			);
			runOnlyForDeploymentPostprocessing = 0;
		};
		7BE7661D182EFEEB00309681 /* Sources */ = {
			isa = PBXSourcesBuildPhase;
			buildActionMask = 2147483647;
			files = (
				7BE7662F182EFEEB00309681 /* SquirrelDefenceTests.m in Sources */,
			);
			runOnlyForDeploymentPostprocessing = 0;
		};
/* End PBXSourcesBuildPhase section */

/* Begin PBXTargetDependency section */
		7BE76627182EFEEB00309681 /* PBXTargetDependency */ = {
			isa = PBXTargetDependency;
			target = 7BE765F8182EFEEB00309681 /* SquirrelDefence */;
			targetProxy = 7BE76626182EFEEB00309681 /* PBXContainerItemProxy */;
		};
/* End PBXTargetDependency section */

/* Begin PBXVariantGroup section */
		7BE76607182EFEEB00309681 /* InfoPlist.strings */ = {
			isa = PBXVariantGroup;
			children = (
				7BE76608182EFEEB00309681 /* en */,
			);
			name = InfoPlist.strings;
			sourceTree = "<group>";
		};
		7BE76610182EFEEB00309681 /* Main.storyboard */ = {
			isa = PBXVariantGroup;
			children = (
				7BE76611182EFEEB00309681 /* Base */,
			);
			name = Main.storyboard;
			sourceTree = "<group>";
		};
		7BE7662B182EFEEB00309681 /* InfoPlist.strings */ = {
			isa = PBXVariantGroup;
			children = (
				7BE7662C182EFEEB00309681 /* en */,
			);
			name = InfoPlist.strings;
			sourceTree = "<group>";
		};
/* End PBXVariantGroup section */

/* Begin XCBuildConfiguration section */
		7BE76630182EFEEB00309681 /* Debug */ = {
			isa = XCBuildConfiguration;
			buildSettings = {
				ALWAYS_SEARCH_USER_PATHS = NO;
				ARCHS = "$(ARCHS_STANDARD_INCLUDING_64_BIT)";
				CLANG_CXX_LANGUAGE_STANDARD = "gnu++0x";
				CLANG_CXX_LIBRARY = "libc++";
				CLANG_ENABLE_MODULES = YES;
				CLANG_ENABLE_OBJC_ARC = YES;
				CLANG_WARN_BOOL_CONVERSION = YES;
				CLANG_WARN_CONSTANT_CONVERSION = YES;
				CLANG_WARN_DIRECT_OBJC_ISA_USAGE = YES_ERROR;
				CLANG_WARN_EMPTY_BODY = YES;
				CLANG_WARN_ENUM_CONVERSION = YES;
				CLANG_WARN_INT_CONVERSION = YES;
				CLANG_WARN_OBJC_ROOT_CLASS = YES_ERROR;
				CLANG_WARN__DUPLICATE_METHOD_MATCH = YES;
				"CODE_SIGN_IDENTITY[sdk=iphoneos*]" = "iPhone Developer";
				COPY_PHASE_STRIP = NO;
				GCC_C_LANGUAGE_STANDARD = gnu99;
				GCC_DYNAMIC_NO_PIC = NO;
				GCC_OPTIMIZATION_LEVEL = 0;
				GCC_PREPROCESSOR_DEFINITIONS = (
					"DEBUG=1",
					"$(inherited)",
				);
				GCC_SYMBOLS_PRIVATE_EXTERN = NO;
				GCC_WARN_64_TO_32_BIT_CONVERSION = YES;
				GCC_WARN_ABOUT_RETURN_TYPE = YES_ERROR;
				GCC_WARN_UNDECLARED_SELECTOR = YES;
				GCC_WARN_UNINITIALIZED_AUTOS = YES;
				GCC_WARN_UNUSED_FUNCTION = YES;
				GCC_WARN_UNUSED_VARIABLE = YES;
				IPHONEOS_DEPLOYMENT_TARGET = 7.0;
				ONLY_ACTIVE_ARCH = YES;
				SDKROOT = iphoneos;
			};
			name = Debug;
		};
		7BE76631182EFEEB00309681 /* Release */ = {
			isa = XCBuildConfiguration;
			buildSettings = {
				ALWAYS_SEARCH_USER_PATHS = NO;
				ARCHS = "$(ARCHS_STANDARD_INCLUDING_64_BIT)";
				CLANG_CXX_LANGUAGE_STANDARD = "gnu++0x";
				CLANG_CXX_LIBRARY = "libc++";
				CLANG_ENABLE_MODULES = YES;
				CLANG_ENABLE_OBJC_ARC = YES;
				CLANG_WARN_BOOL_CONVERSION = YES;
				CLANG_WARN_CONSTANT_CONVERSION = YES;
				CLANG_WARN_DIRECT_OBJC_ISA_USAGE = YES_ERROR;
				CLANG_WARN_EMPTY_BODY = YES;
				CLANG_WARN_ENUM_CONVERSION = YES;
				CLANG_WARN_INT_CONVERSION = YES;
				CLANG_WARN_OBJC_ROOT_CLASS = YES_ERROR;
				CLANG_WARN__DUPLICATE_METHOD_MATCH = YES;
				"CODE_SIGN_IDENTITY[sdk=iphoneos*]" = "iPhone Developer";
				COPY_PHASE_STRIP = YES;
				ENABLE_NS_ASSERTIONS = NO;
				GCC_C_LANGUAGE_STANDARD = gnu99;
				GCC_WARN_64_TO_32_BIT_CONVERSION = YES;
				GCC_WARN_ABOUT_RETURN_TYPE = YES_ERROR;
				GCC_WARN_UNDECLARED_SELECTOR = YES;
				GCC_WARN_UNINITIALIZED_AUTOS = YES;
				GCC_WARN_UNUSED_FUNCTION = YES;
				GCC_WARN_UNUSED_VARIABLE = YES;
				IPHONEOS_DEPLOYMENT_TARGET = 7.0;
				SDKROOT = iphoneos;
				VALIDATE_PRODUCT = YES;
			};
			name = Release;
		};
		7BE76633182EFEEB00309681 /* Debug */ = {
			isa = XCBuildConfiguration;
			buildSettings = {
				ASSETCATALOG_COMPILER_APPICON_NAME = AppIcon;
				ASSETCATALOG_COMPILER_LAUNCHIMAGE_NAME = LaunchImage;
				GCC_PRECOMPILE_PREFIX_HEADER = YES;
				GCC_PREFIX_HEADER = "SquirrelDefence/SquirrelDefence-Prefix.pch";
				INFOPLIST_FILE = "SquirrelDefence/SquirrelDefence-Info.plist";
				PRODUCT_NAME = "$(TARGET_NAME)";
				SPRITEKIT_TEXTURE_ATLAS_OUTPUT = YES;
				WRAPPER_EXTENSION = app;
			};
			name = Debug;
		};
		7BE76634182EFEEB00309681 /* Release */ = {
			isa = XCBuildConfiguration;
			buildSettings = {
				ASSETCATALOG_COMPILER_APPICON_NAME = AppIcon;
				ASSETCATALOG_COMPILER_LAUNCHIMAGE_NAME = LaunchImage;
				GCC_PRECOMPILE_PREFIX_HEADER = YES;
				GCC_PREFIX_HEADER = "SquirrelDefence/SquirrelDefence-Prefix.pch";
				INFOPLIST_FILE = "SquirrelDefence/SquirrelDefence-Info.plist";
				PRODUCT_NAME = "$(TARGET_NAME)";
				SPRITEKIT_TEXTURE_ATLAS_OUTPUT = YES;
				WRAPPER_EXTENSION = app;
			};
			name = Release;
		};
		7BE76636182EFEEB00309681 /* Debug */ = {
			isa = XCBuildConfiguration;
			buildSettings = {
				ARCHS = "$(ARCHS_STANDARD_INCLUDING_64_BIT)";
				BUNDLE_LOADER = "$(BUILT_PRODUCTS_DIR)/SquirrelDefence.app/SquirrelDefence";
				FRAMEWORK_SEARCH_PATHS = (
					"$(SDKROOT)/Developer/Library/Frameworks",
					"$(inherited)",
					"$(DEVELOPER_FRAMEWORKS_DIR)",
				);
				GCC_PRECOMPILE_PREFIX_HEADER = YES;
				GCC_PREFIX_HEADER = "SquirrelDefence/SquirrelDefence-Prefix.pch";
				GCC_PREPROCESSOR_DEFINITIONS = (
					"DEBUG=1",
					"$(inherited)",
				);
				INFOPLIST_FILE = "SquirrelDefenceTests/SquirrelDefenceTests-Info.plist";
				PRODUCT_NAME = "$(TARGET_NAME)";
				TEST_HOST = "$(BUNDLE_LOADER)";
				WRAPPER_EXTENSION = xctest;
			};
			name = Debug;
		};
		7BE76637182EFEEB00309681 /* Release */ = {
			isa = XCBuildConfiguration;
			buildSettings = {
				ARCHS = "$(ARCHS_STANDARD_INCLUDING_64_BIT)";
				BUNDLE_LOADER = "$(BUILT_PRODUCTS_DIR)/SquirrelDefence.app/SquirrelDefence";
				FRAMEWORK_SEARCH_PATHS = (
					"$(SDKROOT)/Developer/Library/Frameworks",
					"$(inherited)",
					"$(DEVELOPER_FRAMEWORKS_DIR)",
				);
				GCC_PRECOMPILE_PREFIX_HEADER = YES;
				GCC_PREFIX_HEADER = "SquirrelDefence/SquirrelDefence-Prefix.pch";
				INFOPLIST_FILE = "SquirrelDefenceTests/SquirrelDefenceTests-Info.plist";
				PRODUCT_NAME = "$(TARGET_NAME)";
				TEST_HOST = "$(BUNDLE_LOADER)";
				WRAPPER_EXTENSION = xctest;
			};
			name = Release;
		};
/* End XCBuildConfiguration section */

/* Begin XCConfigurationList section */
		7BE765F4182EFEEB00309681 /* Build configuration list for PBXProject "SquirrelDefence" */ = {
			isa = XCConfigurationList;
			buildConfigurations = (
				7BE76630182EFEEB00309681 /* Debug */,
				7BE76631182EFEEB00309681 /* Release */,
			);
			defaultConfigurationIsVisible = 0;
			defaultConfigurationName = Release;
		};
		7BE76632182EFEEB00309681 /* Build configuration list for PBXNativeTarget "SquirrelDefence" */ = {
			isa = XCConfigurationList;
			buildConfigurations = (
				7BE76633182EFEEB00309681 /* Debug */,
				7BE76634182EFEEB00309681 /* Release */,
			);
			defaultConfigurationIsVisible = 0;
			defaultConfigurationName = Release;
		};
		7BE76635182EFEEB00309681 /* Build configuration list for PBXNativeTarget "SquirrelDefenceTests" */ = {
			isa = XCConfigurationList;
			buildConfigurations = (
				7BE76636182EFEEB00309681 /* Debug */,
				7BE76637182EFEEB00309681 /* Release */,
			);
			defaultConfigurationIsVisible = 0;
			defaultConfigurationName = Release;
		};
/* End XCConfigurationList section */
	};
	rootObject = 7BE765F1182EFEEB00309681 /* Project object */;
}
